
Microsoft Visual Studio Solution File, Format Version 12.00
# Visual Studio Version 17
VisualStudioVersion = 17.3.32901.215
MinimumVisualStudioVersion = 10.0.40219.1
Project("{FAE04EC0-301F-11D3-BF4B-00C04F79EFBC}") = "StoreFront", "StoreFront.csproj", "{BA372388-6AE5-4CD0-8507-F2D2BFB983D3}"
EndProject
Global
	GlobalSection(SolutionConfigurationPlatforms) = preSolution
		Debug|Any CPU = Debug|Any CPU
		Release|Any CPU = Release|Any CPU
	EndGlobalSection
	GlobalSection(ProjectConfigurationPlatforms) = postSolution
		{BA372388-6AE5-4CD0-8507-F2D2BFB983D3}.Debug|Any CPU.ActiveCfg = Debug|Any CPU
		{BA372388-6AE5-4CD0-8507-F2D2BFB983D3}.Debug|Any CPU.Build.0 = Debug|Any CPU
		{BA372388-6AE5-4CD0-8507-F2D2BFB983D3}.Release|Any CPU.ActiveCfg = Release|Any CPU
		{BA372388-6AE5-4CD0-8507-F2D2BFB983D3}.Release|Any CPU.Build.0 = Release|Any CPU
	EndGlobalSection
	GlobalSection(SolutionProperties) = preSolution
		HideSolutionNode = FALSE
	EndGlobalSection
	GlobalSection(ExtensibilityGlobals) = postSolution
		SolutionGuid = {A3662CDE-2AEB-4308-BEDA-1031B830A11A}
	EndGlobalSection
EndGlobal
